
Microsoft Visual Studio Solution File, Format Version 12.00
# Visual Studio 15
VisualStudioVersion = 15.0.27130.2024
MinimumVisualStudioVersion = 10.0.40219.1
Project("{9A19103F-16F7-4668-BE54-9A1E7A4F7556}") = "WebAppPizza", "WebAppPizza\WebAppPizza.csproj", "{9189D50D-937A-4341-ACAA-9176581195CD}"
EndProject
Global
	GlobalSection(SolutionConfigurationPlatforms) = preSolution
		Debug|Any CPU = Debug|Any CPU
		Release|Any CPU = Release|Any CPU
	EndGlobalSection
	GlobalSection(ProjectConfigurationPlatforms) = postSolution
		{9189D50D-937A-4341-ACAA-9176581195CD}.Debug|Any CPU.ActiveCfg = Debug|Any CPU
		{9189D50D-937A-4341-ACAA-9176581195CD}.Debug|Any CPU.Build.0 = Debug|Any CPU
		{9189D50D-937A-4341-ACAA-9176581195CD}.Release|Any CPU.ActiveCfg = Release|Any CPU
		{9189D50D-937A-4341-ACAA-9176581195CD}.Release|Any CPU.Build.0 = Release|Any CPU
	EndGlobalSection
	GlobalSection(SolutionProperties) = preSolution
		HideSolutionNode = FALSE
	EndGlobalSection
	GlobalSection(ExtensibilityGlobals) = postSolution
		SolutionGuid = {A5B3E228-C6E8-4632-A121-84BC2BD79A0D}
	EndGlobalSection
EndGlobal
